// !$*UTF8*$!
{
	archiveVersion = 1;
	classes = {
	};
	objectVersion = 56;
	objects = {

/* Begin PBXBuildFile section */
		E14229CC2C701EEB00837F89 /* ElectionListView.swift in Sources */ = {isa = PBXBuildFile; fileRef = E14229CB2C701EEB00837F89 /* ElectionListView.swift */; };
		E14229D02C7041E900837F89 /* SettingsView.swift in Sources */ = {isa = PBXBuildFile; fileRef = E14229CF2C7041E900837F89 /* SettingsView.swift */; };
		E16F31872C66F2A2002D24FE /* ElectionDropApp.swift in Sources */ = {isa = PBXBuildFile; fileRef = E16F31862C66F2A2002D24FE /* ElectionDropApp.swift */; };
		E16F31892C66F2A2002D24FE /* ContentView.swift in Sources */ = {isa = PBXBuildFile; fileRef = E16F31882C66F2A2002D24FE /* ContentView.swift */; };
		E16F318B2C66F2A2002D24FE /* Assets.xcassets in Resources */ = {isa = PBXBuildFile; fileRef = E16F318A2C66F2A2002D24FE /* Assets.xcassets */; };
		E16F31B82C6726AF002D24FE /* ElectionUpdateView.swift in Sources */ = {isa = PBXBuildFile; fileRef = E16F31B72C6726AF002D24FE /* ElectionUpdateView.swift */; };
		E16F31BA2C6740D1002D24FE /* ElectionView.swift in Sources */ = {isa = PBXBuildFile; fileRef = E16F31B92C6740D1002D24FE /* ElectionView.swift */; };
		E1A754C12C6C741A00739B7F /* Election.swift in Sources */ = {isa = PBXBuildFile; fileRef = E1A754C02C6C741A00739B7F /* Election.swift */; };
		E1A754C32C6C74B100739B7F /* ElectionViewModel.swift in Sources */ = {isa = PBXBuildFile; fileRef = E1A754C22C6C74B100739B7F /* ElectionViewModel.swift */; };
		E1B2F6462C6C8366008A6923 /* ElectionResultView.swift in Sources */ = {isa = PBXBuildFile; fileRef = E1B2F6452C6C8366008A6923 /* ElectionResultView.swift */; };
		E1B2F6482C6C87D0008A6923 /* AppDelegate.swift in Sources */ = {isa = PBXBuildFile; fileRef = E1B2F6472C6C87D0008A6923 /* AppDelegate.swift */; };
		E1B2F64C2C6C8967008A6923 /* ElectionServiceProtocol.swift in Sources */ = {isa = PBXBuildFile; fileRef = E1B2F64B2C6C8967008A6923 /* ElectionServiceProtocol.swift */; };
/* End PBXBuildFile section */

/* Begin PBXFileReference section */
		E14229CB2C701EEB00837F89 /* ElectionListView.swift */ = {isa = PBXFileReference; lastKnownFileType = sourcecode.swift; path = ElectionListView.swift; sourceTree = "<group>"; };
		E14229CF2C7041E900837F89 /* SettingsView.swift */ = {isa = PBXFileReference; lastKnownFileType = sourcecode.swift; path = SettingsView.swift; sourceTree = "<group>"; };
		E16F31832C66F2A2002D24FE /* ElectionDrop.app */ = {isa = PBXFileReference; explicitFileType = wrapper.application; includeInIndex = 0; path = ElectionDrop.app; sourceTree = BUILT_PRODUCTS_DIR; };
		E16F31862C66F2A2002D24FE /* ElectionDropApp.swift */ = {isa = PBXFileReference; lastKnownFileType = sourcecode.swift; path = ElectionDropApp.swift; sourceTree = "<group>"; };
		E16F31882C66F2A2002D24FE /* ContentView.swift */ = {isa = PBXFileReference; lastKnownFileType = sourcecode.swift; path = ContentView.swift; sourceTree = "<group>"; };
		E16F318A2C66F2A2002D24FE /* Assets.xcassets */ = {isa = PBXFileReference; lastKnownFileType = folder.assetcatalog; path = Assets.xcassets; sourceTree = "<group>"; };
		E16F31B02C66F2D5002D24FE /* ElectionDrop.entitlements */ = {isa = PBXFileReference; lastKnownFileType = text.plist.entitlements; path = ElectionDrop.entitlements; sourceTree = "<group>"; };
		E16F31B72C6726AF002D24FE /* ElectionUpdateView.swift */ = {isa = PBXFileReference; lastKnownFileType = sourcecode.swift; path = ElectionUpdateView.swift; sourceTree = "<group>"; };
		E16F31B92C6740D1002D24FE /* ElectionView.swift */ = {isa = PBXFileReference; lastKnownFileType = sourcecode.swift; path = ElectionView.swift; sourceTree = "<group>"; };
		E1A754C02C6C741A00739B7F /* Election.swift */ = {isa = PBXFileReference; lastKnownFileType = sourcecode.swift; path = Election.swift; sourceTree = "<group>"; };
		E1A754C22C6C74B100739B7F /* ElectionViewModel.swift */ = {isa = PBXFileReference; lastKnownFileType = sourcecode.swift; path = ElectionViewModel.swift; sourceTree = "<group>"; };
		E1B2F6452C6C8366008A6923 /* ElectionResultView.swift */ = {isa = PBXFileReference; lastKnownFileType = sourcecode.swift; path = ElectionResultView.swift; sourceTree = "<group>"; };
		E1B2F6472C6C87D0008A6923 /* AppDelegate.swift */ = {isa = PBXFileReference; lastKnownFileType = sourcecode.swift; path = AppDelegate.swift; sourceTree = "<group>"; };
		E1B2F64B2C6C8967008A6923 /* ElectionServiceProtocol.swift */ = {isa = PBXFileReference; lastKnownFileType = sourcecode.swift; path = ElectionServiceProtocol.swift; sourceTree = "<group>"; };
/* End PBXFileReference section */

/* Begin PBXFrameworksBuildPhase section */
		E16F31802C66F2A2002D24FE /* Frameworks */ = {
			isa = PBXFrameworksBuildPhase;
			buildActionMask = 2147483647;
			files = (
			);
			runOnlyForDeploymentPostprocessing = 0;
		};
/* End PBXFrameworksBuildPhase section */

/* Begin PBXGroup section */
		E16F317A2C66F2A2002D24FE = {
			isa = PBXGroup;
			children = (
				E16F31852C66F2A2002D24FE /* ElectionDrop */,
				E16F31842C66F2A2002D24FE /* Products */,
			);
			sourceTree = "<group>";
		};
		E16F31842C66F2A2002D24FE /* Products */ = {
			isa = PBXGroup;
			children = (
				E16F31832C66F2A2002D24FE /* ElectionDrop.app */,
			);
			name = Products;
			sourceTree = "<group>";
		};
		E16F31852C66F2A2002D24FE /* ElectionDrop */ = {
			isa = PBXGroup;
			children = (
				E16F31B02C66F2D5002D24FE /* ElectionDrop.entitlements */,
				E16F31862C66F2A2002D24FE /* ElectionDropApp.swift */,
				E1B2F6472C6C87D0008A6923 /* AppDelegate.swift */,
				E1A754C02C6C741A00739B7F /* Election.swift */,
				E1B2F64B2C6C8967008A6923 /* ElectionServiceProtocol.swift */,
				E1A754C22C6C74B100739B7F /* ElectionViewModel.swift */,
				E16F31882C66F2A2002D24FE /* ContentView.swift */,
				E16F31B92C6740D1002D24FE /* ElectionView.swift */,
				E14229CB2C701EEB00837F89 /* ElectionListView.swift */,
				E16F31B72C6726AF002D24FE /* ElectionUpdateView.swift */,
				E1B2F6452C6C8366008A6923 /* ElectionResultView.swift */,
				E16F318A2C66F2A2002D24FE /* Assets.xcassets */,
				E14229CF2C7041E900837F89 /* SettingsView.swift */,
			);
			path = ElectionDrop;
			sourceTree = "<group>";
		};
/* End PBXGroup section */

/* Begin PBXNativeTarget section */
		E16F31822C66F2A2002D24FE /* ElectionDrop */ = {
			isa = PBXNativeTarget;
			buildConfigurationList = E16F31A72C66F2A2002D24FE /* Build configuration list for PBXNativeTarget "ElectionDrop" */;
			buildPhases = (
				E16F317F2C66F2A2002D24FE /* Sources */,
				E16F31802C66F2A2002D24FE /* Frameworks */,
				E16F31812C66F2A2002D24FE /* Resources */,
			);
			buildRules = (
			);
			dependencies = (
			);
			name = ElectionDrop;
			productName = ElectionDrop;
			productReference = E16F31832C66F2A2002D24FE /* ElectionDrop.app */;
			productType = "com.apple.product-type.application";
		};
/* End PBXNativeTarget section */

/* Begin PBXProject section */
		E16F317B2C66F2A2002D24FE /* Project object */ = {
			isa = PBXProject;
			attributes = {
				BuildIndependentTargetsInParallel = 1;
				LastSwiftUpdateCheck = 1540;
				LastUpgradeCheck = 1540;
				TargetAttributes = {
					E16F31822C66F2A2002D24FE = {
						CreatedOnToolsVersion = 15.4;
					};
				};
			};
			buildConfigurationList = E16F317E2C66F2A2002D24FE /* Build configuration list for PBXProject "ElectionDrop" */;
			compatibilityVersion = "Xcode 14.0";
			developmentRegion = en;
			hasScannedForEncodings = 0;
			knownRegions = (
				en,
				Base,
			);
			mainGroup = E16F317A2C66F2A2002D24FE;
			productRefGroup = E16F31842C66F2A2002D24FE /* Products */;
			projectDirPath = "";
			projectRoot = "";
			targets = (
				E16F31822C66F2A2002D24FE /* ElectionDrop */,
			);
		};
/* End PBXProject section */

/* Begin PBXResourcesBuildPhase section */
		E16F31812C66F2A2002D24FE /* Resources */ = {
			isa = PBXResourcesBuildPhase;
			buildActionMask = 2147483647;
			files = (
				E16F318B2C66F2A2002D24FE /* Assets.xcassets in Resources */,
			);
			runOnlyForDeploymentPostprocessing = 0;
		};
/* End PBXResourcesBuildPhase section */

/* Begin PBXSourcesBuildPhase section */
		E16F317F2C66F2A2002D24FE /* Sources */ = {
			isa = PBXSourcesBuildPhase;
			buildActionMask = 2147483647;
			files = (
				E1B2F6482C6C87D0008A6923 /* AppDelegate.swift in Sources */,
				E1A754C32C6C74B100739B7F /* ElectionViewModel.swift in Sources */,
				E16F31892C66F2A2002D24FE /* ContentView.swift in Sources */,
				E16F31B82C6726AF002D24FE /* ElectionUpdateView.swift in Sources */,
				E16F31872C66F2A2002D24FE /* ElectionDropApp.swift in Sources */,
				E1B2F64C2C6C8967008A6923 /* ElectionServiceProtocol.swift in Sources */,
				E16F31BA2C6740D1002D24FE /* ElectionView.swift in Sources */,
				E14229CC2C701EEB00837F89 /* ElectionListView.swift in Sources */,
				E1A754C12C6C741A00739B7F /* Election.swift in Sources */,
				E1B2F6462C6C8366008A6923 /* ElectionResultView.swift in Sources */,
				E14229D02C7041E900837F89 /* SettingsView.swift in Sources */,
			);
			runOnlyForDeploymentPostprocessing = 0;
		};
/* End PBXSourcesBuildPhase section */

/* Begin XCBuildConfiguration section */
		E16F31A52C66F2A2002D24FE /* Debug */ = {
			isa = XCBuildConfiguration;
			buildSettings = {
				ALWAYS_SEARCH_USER_PATHS = NO;
				ASSETCATALOG_COMPILER_GENERATE_SWIFT_ASSET_SYMBOL_EXTENSIONS = YES;
				CLANG_ANALYZER_NONNULL = YES;
				CLANG_ANALYZER_NUMBER_OBJECT_CONVERSION = YES_AGGRESSIVE;
				CLANG_CXX_LANGUAGE_STANDARD = "gnu++20";
				CLANG_ENABLE_MODULES = YES;
				CLANG_ENABLE_OBJC_ARC = YES;
				CLANG_ENABLE_OBJC_WEAK = YES;
				CLANG_WARN_BLOCK_CAPTURE_AUTORELEASING = YES;
				CLANG_WARN_BOOL_CONVERSION = YES;
				CLANG_WARN_COMMA = YES;
				CLANG_WARN_CONSTANT_CONVERSION = YES;
				CLANG_WARN_DEPRECATED_OBJC_IMPLEMENTATIONS = YES;
				CLANG_WARN_DIRECT_OBJC_ISA_USAGE = YES_ERROR;
				CLANG_WARN_DOCUMENTATION_COMMENTS = YES;
				CLANG_WARN_EMPTY_BODY = YES;
				CLANG_WARN_ENUM_CONVERSION = YES;
				CLANG_WARN_INFINITE_RECURSION = YES;
				CLANG_WARN_INT_CONVERSION = YES;
				CLANG_WARN_NON_LITERAL_NULL_CONVERSION = YES;
				CLANG_WARN_OBJC_IMPLICIT_RETAIN_SELF = YES;
				CLANG_WARN_OBJC_LITERAL_CONVERSION = YES;
				CLANG_WARN_OBJC_ROOT_CLASS = YES_ERROR;
				CLANG_WARN_QUOTED_INCLUDE_IN_FRAMEWORK_HEADER = YES;
				CLANG_WARN_RANGE_LOOP_ANALYSIS = YES;
				CLANG_WARN_STRICT_PROTOTYPES = YES;
				CLANG_WARN_SUSPICIOUS_MOVE = YES;
				CLANG_WARN_UNGUARDED_AVAILABILITY = YES_AGGRESSIVE;
				CLANG_WARN_UNREACHABLE_CODE = YES;
				CLANG_WARN__DUPLICATE_METHOD_MATCH = YES;
				COPY_PHASE_STRIP = NO;
				DEBUG_INFORMATION_FORMAT = dwarf;
				ENABLE_STRICT_OBJC_MSGSEND = YES;
				ENABLE_TESTABILITY = YES;
				ENABLE_USER_SCRIPT_SANDBOXING = YES;
				GCC_C_LANGUAGE_STANDARD = gnu17;
				GCC_DYNAMIC_NO_PIC = NO;
				GCC_NO_COMMON_BLOCKS = YES;
				GCC_OPTIMIZATION_LEVEL = 0;
				GCC_PREPROCESSOR_DEFINITIONS = (
					"DEBUG=1",
					"$(inherited)",
				);
				GCC_WARN_64_TO_32_BIT_CONVERSION = YES;
				GCC_WARN_ABOUT_RETURN_TYPE = YES_ERROR;
				GCC_WARN_UNDECLARED_SELECTOR = YES;
				GCC_WARN_UNINITIALIZED_AUTOS = YES_AGGRESSIVE;
				GCC_WARN_UNUSED_FUNCTION = YES;
				GCC_WARN_UNUSED_VARIABLE = YES;
				IPHONEOS_DEPLOYMENT_TARGET = 17.5;
				LOCALIZATION_PREFERS_STRING_CATALOGS = YES;
				MTL_ENABLE_DEBUG_INFO = INCLUDE_SOURCE;
				MTL_FAST_MATH = YES;
				ONLY_ACTIVE_ARCH = YES;
				SDKROOT = iphoneos;
				SWIFT_ACTIVE_COMPILATION_CONDITIONS = "DEBUG $(inherited)";
				SWIFT_OPTIMIZATION_LEVEL = "-Onone";
			};
			name = Debug;
		};
		E16F31A62C66F2A2002D24FE /* Release */ = {
			isa = XCBuildConfiguration;
			buildSettings = {
				ALWAYS_SEARCH_USER_PATHS = NO;
				ASSETCATALOG_COMPILER_GENERATE_SWIFT_ASSET_SYMBOL_EXTENSIONS = YES;
				CLANG_ANALYZER_NONNULL = YES;
				CLANG_ANALYZER_NUMBER_OBJECT_CONVERSION = YES_AGGRESSIVE;
				CLANG_CXX_LANGUAGE_STANDARD = "gnu++20";
				CLANG_ENABLE_MODULES = YES;
				CLANG_ENABLE_OBJC_ARC = YES;
				CLANG_ENABLE_OBJC_WEAK = YES;
				CLANG_WARN_BLOCK_CAPTURE_AUTORELEASING = YES;
				CLANG_WARN_BOOL_CONVERSION = YES;
				CLANG_WARN_COMMA = YES;
				CLANG_WARN_CONSTANT_CONVERSION = YES;
				CLANG_WARN_DEPRECATED_OBJC_IMPLEMENTATIONS = YES;
				CLANG_WARN_DIRECT_OBJC_ISA_USAGE = YES_ERROR;
				CLANG_WARN_DOCUMENTATION_COMMENTS = YES;
				CLANG_WARN_EMPTY_BODY = YES;
				CLANG_WARN_ENUM_CONVERSION = YES;
				CLANG_WARN_INFINITE_RECURSION = YES;
				CLANG_WARN_INT_CONVERSION = YES;
				CLANG_WARN_NON_LITERAL_NULL_CONVERSION = YES;
				CLANG_WARN_OBJC_IMPLICIT_RETAIN_SELF = YES;
				CLANG_WARN_OBJC_LITERAL_CONVERSION = YES;
				CLANG_WARN_OBJC_ROOT_CLASS = YES_ERROR;
				CLANG_WARN_QUOTED_INCLUDE_IN_FRAMEWORK_HEADER = YES;
				CLANG_WARN_RANGE_LOOP_ANALYSIS = YES;
				CLANG_WARN_STRICT_PROTOTYPES = YES;
				CLANG_WARN_SUSPICIOUS_MOVE = YES;
				CLANG_WARN_UNGUARDED_AVAILABILITY = YES_AGGRESSIVE;
				CLANG_WARN_UNREACHABLE_CODE = YES;
				CLANG_WARN__DUPLICATE_METHOD_MATCH = YES;
				COPY_PHASE_STRIP = NO;
				DEBUG_INFORMATION_FORMAT = "dwarf-with-dsym";
				ENABLE_NS_ASSERTIONS = NO;
				ENABLE_STRICT_OBJC_MSGSEND = YES;
				ENABLE_USER_SCRIPT_SANDBOXING = YES;
				GCC_C_LANGUAGE_STANDARD = gnu17;
				GCC_NO_COMMON_BLOCKS = YES;
				GCC_WARN_64_TO_32_BIT_CONVERSION = YES;
				GCC_WARN_ABOUT_RETURN_TYPE = YES_ERROR;
				GCC_WARN_UNDECLARED_SELECTOR = YES;
				GCC_WARN_UNINITIALIZED_AUTOS = YES_AGGRESSIVE;
				GCC_WARN_UNUSED_FUNCTION = YES;
				GCC_WARN_UNUSED_VARIABLE = YES;
				IPHONEOS_DEPLOYMENT_TARGET = 17.5;
				LOCALIZATION_PREFERS_STRING_CATALOGS = YES;
				MTL_ENABLE_DEBUG_INFO = NO;
				MTL_FAST_MATH = YES;
				SDKROOT = iphoneos;
				SWIFT_COMPILATION_MODE = wholemodule;
				VALIDATE_PRODUCT = YES;
			};
			name = Release;
		};
		E16F31A82C66F2A2002D24FE /* Debug */ = {
			isa = XCBuildConfiguration;
			buildSettings = {
				ASSETCATALOG_COMPILER_APPICON_NAME = AppIcon;
				ASSETCATALOG_COMPILER_GLOBAL_ACCENT_COLOR_NAME = AccentColor;
				CODE_SIGN_ENTITLEMENTS = ElectionDrop/ElectionDrop.entitlements;
				CODE_SIGN_STYLE = Automatic;
				CURRENT_PROJECT_VERSION = 1;
				DEVELOPMENT_ASSET_PATHS = "\"ElectionDrop/Preview Content\"";
				DEVELOPMENT_TEAM = 8R9HFJ6VSS;
				ENABLE_PREVIEWS = YES;
				GENERATE_INFOPLIST_FILE = YES;
				INFOPLIST_KEY_CFBundleDisplayName = "Election Drop";
				INFOPLIST_KEY_UIApplicationSceneManifest_Generation = YES;
				INFOPLIST_KEY_UIApplicationSupportsIndirectInputEvents = YES;
				INFOPLIST_KEY_UILaunchScreen_Generation = YES;
				INFOPLIST_KEY_UISupportedInterfaceOrientations_iPad = "UIInterfaceOrientationPortrait UIInterfaceOrientationPortraitUpsideDown UIInterfaceOrientationLandscapeLeft UIInterfaceOrientationLandscapeRight";
				INFOPLIST_KEY_UISupportedInterfaceOrientations_iPhone = "UIInterfaceOrientationPortrait UIInterfaceOrientationLandscapeLeft UIInterfaceOrientationLandscapeRight";
				LD_RUNPATH_SEARCH_PATHS = (
					"$(inherited)",
					"@executable_path/Frameworks",
				);
				MARKETING_VERSION = 1.0;
				PRODUCT_BUNDLE_IDENTIFIER = com.subzidion.ElectionDrop;
				PRODUCT_NAME = "$(TARGET_NAME)";
				SWIFT_EMIT_LOC_STRINGS = YES;
				SWIFT_VERSION = 5.0;
				TARGETED_DEVICE_FAMILY = "1,2";
			};
			name = Debug;
		};
		E16F31A92C66F2A2002D24FE /* Release */ = {
			isa = XCBuildConfiguration;
			buildSettings = {
				ASSETCATALOG_COMPILER_APPICON_NAME = AppIcon;
				ASSETCATALOG_COMPILER_GLOBAL_ACCENT_COLOR_NAME = AccentColor;
				CODE_SIGN_ENTITLEMENTS = ElectionDrop/ElectionDrop.entitlements;
				CODE_SIGN_STYLE = Automatic;
				CURRENT_PROJECT_VERSION = 1;
				DEVELOPMENT_ASSET_PATHS = "\"ElectionDrop/Preview Content\"";
				DEVELOPMENT_TEAM = 8R9HFJ6VSS;
				ENABLE_PREVIEWS = YES;
				GENERATE_INFOPLIST_FILE = YES;
				INFOPLIST_KEY_CFBundleDisplayName = "Election Drop";
				INFOPLIST_KEY_UIApplicationSceneManifest_Generation = YES;
				INFOPLIST_KEY_UIApplicationSupportsIndirectInputEvents = YES;
				INFOPLIST_KEY_UILaunchScreen_Generation = YES;
				INFOPLIST_KEY_UISupportedInterfaceOrientations_iPad = "UIInterfaceOrientationPortrait UIInterfaceOrientationPortraitUpsideDown UIInterfaceOrientationLandscapeLeft UIInterfaceOrientationLandscapeRight";
				INFOPLIST_KEY_UISupportedInterfaceOrientations_iPhone = "UIInterfaceOrientationPortrait UIInterfaceOrientationLandscapeLeft UIInterfaceOrientationLandscapeRight";
				LD_RUNPATH_SEARCH_PATHS = (
					"$(inherited)",
					"@executable_path/Frameworks",
				);
				MARKETING_VERSION = 1.0;
				PRODUCT_BUNDLE_IDENTIFIER = com.subzidion.ElectionDrop;
				PRODUCT_NAME = "$(TARGET_NAME)";
				SWIFT_EMIT_LOC_STRINGS = YES;
				SWIFT_VERSION = 5.0;
				TARGETED_DEVICE_FAMILY = "1,2";
			};
			name = Release;
		};
/* End XCBuildConfiguration section */

/* Begin XCConfigurationList section */
		E16F317E2C66F2A2002D24FE /* Build configuration list for PBXProject "ElectionDrop" */ = {
			isa = XCConfigurationList;
			buildConfigurations = (
				E16F31A52C66F2A2002D24FE /* Debug */,
				E16F31A62C66F2A2002D24FE /* Release */,
			);
			defaultConfigurationIsVisible = 0;
			defaultConfigurationName = Release;
		};
		E16F31A72C66F2A2002D24FE /* Build configuration list for PBXNativeTarget "ElectionDrop" */ = {
			isa = XCConfigurationList;
			buildConfigurations = (
				E16F31A82C66F2A2002D24FE /* Debug */,
				E16F31A92C66F2A2002D24FE /* Release */,
			);
			defaultConfigurationIsVisible = 0;
			defaultConfigurationName = Release;
		};
/* End XCConfigurationList section */
	};
	rootObject = E16F317B2C66F2A2002D24FE /* Project object */;
}
